
Microsoft Visual Studio Solution File, Format Version 12.00
# Visual Studio Version 16
VisualStudioVersion = 16.0.31515.178
MinimumVisualStudioVersion = 10.0.40219.1
Project("{FAE04EC0-301F-11D3-BF4B-00C04F79EFBC}") = "Todo", "Todo\Todo.csproj", "{79589ED3-7FC9-4FD9-BDBD-B41BE6EF345F}"
EndProject
Global
	GlobalSection(SolutionConfigurationPlatforms) = preSolution
		Debug|Any CPU = Debug|Any CPU
		Release|Any CPU = Release|Any CPU
	EndGlobalSection
	GlobalSection(ProjectConfigurationPlatforms) = postSolution
		{79589ED3-7FC9-4FD9-BDBD-B41BE6EF345F}.Debug|Any CPU.ActiveCfg = Debug|Any CPU
		{79589ED3-7FC9-4FD9-BDBD-B41BE6EF345F}.Debug|Any CPU.Build.0 = Debug|Any CPU
		{79589ED3-7FC9-4FD9-BDBD-B41BE6EF345F}.Release|Any CPU.ActiveCfg = Release|Any CPU
		{79589ED3-7FC9-4FD9-BDBD-B41BE6EF345F}.Release|Any CPU.Build.0 = Release|Any CPU
	EndGlobalSection
	GlobalSection(SolutionProperties) = preSolution
		HideSolutionNode = FALSE
	EndGlobalSection
	GlobalSection(ExtensibilityGlobals) = postSolution
		SolutionGuid = {2EC38133-95CF-41CB-8442-D640B6DEA9A9}
	EndGlobalSection
EndGlobal
